
Microsoft Visual Studio Solution File, Format Version 12.00
# Visual Studio Version 17
VisualStudioVersion = 17.0.31903.59
MinimumVisualStudioVersion = 10.0.40219.1
Project("{2150E333-8FDC-42A3-9474-1A3956D46DE8}") = "Source", "Source", "{B8EFCA5F-814F-285C-A8CB-F00F14650265}"
EndProject
Project("{FAE04EC0-301F-11D3-BF4B-00C04F79EFBC}") = "KanbanC.Blazor", "Source\KanbanC.Blazor\KanbanC.Blazor.csproj", "{DB0E7977-9D55-4743-9D3B-16F5A707922A}"
EndProject
Project("{FAE04EC0-301F-11D3-BF4B-00C04F79EFBC}") = "KanbanC.WebApi", "Source\KanbanC.WebApi\KanbanC.WebApi.csproj", "{96348B93-4C5C-45F3-8115-4EB1686ADE56}"
EndProject
Project("{FAE04EC0-301F-11D3-BF4B-00C04F79EFBC}") = "KanbanC.BL", "Source\KanbanC.BL\KanbanC.BL.csproj", "{F52C9E1A-310E-4752-80D4-1E368E866245}"
EndProject
Project("{FAE04EC0-301F-11D3-BF4B-00C04F79EFBC}") = "KanbanC.Contracts", "Source\KanbanC.Contracts\KanbanC.Contracts.csproj", "{9085E0F7-3FB7-46A1-AB54-745674315BD6}"
EndProject
Project("{FAE04EC0-301F-11D3-BF4B-00C04F79EFBC}") = "KanbanC.BL.Tests", "Source\KanbanC.BL.Tests\KanbanC.BL.Tests.csproj", "{4EE01B69-D538-4A6A-811E-B9736B72F204}"
EndProject
Project("{FAE04EC0-301F-11D3-BF4B-00C04F79EFBC}") = "KanbanC.WebApi.IntegrationTests", "Source\KanbanC.WebApi.IntegrationTests\KanbanC.WebApi.IntegrationTests.csproj", "{BF637007-2D2F-49BE-9C50-7999FFF77241}"
EndProject
Project("{FAE04EC0-301F-11D3-BF4B-00C04F79EFBC}") = "KanbanC.PlaywrightTests", "Source\KanbanC.PlaywrightTests\KanbanC.PlaywrightTests.csproj", "{E72662A6-EDFD-4BD3-80C3-AF94FE923AB4}"
EndProject
Global
	GlobalSection(SolutionConfigurationPlatforms) = preSolution
		Debug|Any CPU = Debug|Any CPU
		Debug|x64 = Debug|x64
		Debug|x86 = Debug|x86
		Release|Any CPU = Release|Any CPU
		Release|x64 = Release|x64
		Release|x86 = Release|x86
	EndGlobalSection
	GlobalSection(ProjectConfigurationPlatforms) = postSolution
		{DB0E7977-9D55-4743-9D3B-16F5A707922A}.Debug|Any CPU.ActiveCfg = Debug|Any CPU
		{DB0E7977-9D55-4743-9D3B-16F5A707922A}.Debug|Any CPU.Build.0 = Debug|Any CPU
		{DB0E7977-9D55-4743-9D3B-16F5A707922A}.Debug|x64.ActiveCfg = Debug|Any CPU
		{DB0E7977-9D55-4743-9D3B-16F5A707922A}.Debug|x64.Build.0 = Debug|Any CPU
		{DB0E7977-9D55-4743-9D3B-16F5A707922A}.Debug|x86.ActiveCfg = Debug|Any CPU
		{DB0E7977-9D55-4743-9D3B-16F5A707922A}.Debug|x86.Build.0 = Debug|Any CPU
		{DB0E7977-9D55-4743-9D3B-16F5A707922A}.Release|Any CPU.ActiveCfg = Release|Any CPU
		{DB0E7977-9D55-4743-9D3B-16F5A707922A}.Release|Any CPU.Build.0 = Release|Any CPU
		{DB0E7977-9D55-4743-9D3B-16F5A707922A}.Release|x64.ActiveCfg = Release|Any CPU
		{DB0E7977-9D55-4743-9D3B-16F5A707922A}.Release|x64.Build.0 = Release|Any CPU
		{DB0E7977-9D55-4743-9D3B-16F5A707922A}.Release|x86.ActiveCfg = Release|Any CPU
		{DB0E7977-9D55-4743-9D3B-16F5A707922A}.Release|x86.Build.0 = Release|Any CPU
		{96348B93-4C5C-45F3-8115-4EB1686ADE56}.Debug|Any CPU.ActiveCfg = Debug|Any CPU
		{96348B93-4C5C-45F3-8115-4EB1686ADE56}.Debug|Any CPU.Build.0 = Debug|Any CPU
		{96348B93-4C5C-45F3-8115-4EB1686ADE56}.Debug|x64.ActiveCfg = Debug|Any CPU
		{96348B93-4C5C-45F3-8115-4EB1686ADE56}.Debug|x64.Build.0 = Debug|Any CPU
		{96348B93-4C5C-45F3-8115-4EB1686ADE56}.Debug|x86.ActiveCfg = Debug|Any CPU
		{96348B93-4C5C-45F3-8115-4EB1686ADE56}.Debug|x86.Build.0 = Debug|Any CPU
		{96348B93-4C5C-45F3-8115-4EB1686ADE56}.Release|Any CPU.ActiveCfg = Release|Any CPU
		{96348B93-4C5C-45F3-8115-4EB1686ADE56}.Release|Any CPU.Build.0 = Release|Any CPU
		{96348B93-4C5C-45F3-8115-4EB1686ADE56}.Release|x64.ActiveCfg = Release|Any CPU
		{96348B93-4C5C-45F3-8115-4EB1686ADE56}.Release|x64.Build.0 = Release|Any CPU
		{96348B93-4C5C-45F3-8115-4EB1686ADE56}.Release|x86.ActiveCfg = Release|Any CPU
		{96348B93-4C5C-45F3-8115-4EB1686ADE56}.Release|x86.Build.0 = Release|Any CPU
		{F52C9E1A-310E-4752-80D4-1E368E866245}.Debug|Any CPU.ActiveCfg = Debug|Any CPU
		{F52C9E1A-310E-4752-80D4-1E368E866245}.Debug|Any CPU.Build.0 = Debug|Any CPU
		{F52C9E1A-310E-4752-80D4-1E368E866245}.Debug|x64.ActiveCfg = Debug|Any CPU
		{F52C9E1A-310E-4752-80D4-1E368E866245}.Debug|x64.Build.0 = Debug|Any CPU
		{F52C9E1A-310E-4752-80D4-1E368E866245}.Debug|x86.ActiveCfg = Debug|Any CPU
		{F52C9E1A-310E-4752-80D4-1E368E866245}.Debug|x86.Build.0 = Debug|Any CPU
		{F52C9E1A-310E-4752-80D4-1E368E866245}.Release|Any CPU.ActiveCfg = Release|Any CPU
		{F52C9E1A-310E-4752-80D4-1E368E866245}.Release|Any CPU.Build.0 = Release|Any CPU
		{F52C9E1A-310E-4752-80D4-1E368E866245}.Release|x64.ActiveCfg = Release|Any CPU
		{F52C9E1A-310E-4752-80D4-1E368E866245}.Release|x64.Build.0 = Release|Any CPU
		{F52C9E1A-310E-4752-80D4-1E368E866245}.Release|x86.ActiveCfg = Release|Any CPU
		{F52C9E1A-310E-4752-80D4-1E368E866245}.Release|x86.Build.0 = Release|Any CPU
		{9085E0F7-3FB7-46A1-AB54-745674315BD6}.Debug|Any CPU.ActiveCfg = Debug|Any CPU
		{9085E0F7-3FB7-46A1-AB54-745674315BD6}.Debug|Any CPU.Build.0 = Debug|Any CPU
		{9085E0F7-3FB7-46A1-AB54-745674315BD6}.Debug|x64.ActiveCfg = Debug|Any CPU
		{9085E0F7-3FB7-46A1-AB54-745674315BD6}.Debug|x64.Build.0 = Debug|Any CPU
		{9085E0F7-3FB7-46A1-AB54-745674315BD6}.Debug|x86.ActiveCfg = Debug|Any CPU
		{9085E0F7-3FB7-46A1-AB54-745674315BD6}.Debug|x86.Build.0 = Debug|Any CPU
		{9085E0F7-3FB7-46A1-AB54-745674315BD6}.Release|Any CPU.ActiveCfg = Release|Any CPU
		{9085E0F7-3FB7-46A1-AB54-745674315BD6}.Release|Any CPU.Build.0 = Release|Any CPU
		{9085E0F7-3FB7-46A1-AB54-745674315BD6}.Release|x64.ActiveCfg = Release|Any CPU
		{9085E0F7-3FB7-46A1-AB54-745674315BD6}.Release|x64.Build.0 = Release|Any CPU
		{9085E0F7-3FB7-46A1-AB54-745674315BD6}.Release|x86.ActiveCfg = Release|Any CPU
		{9085E0F7-3FB7-46A1-AB54-745674315BD6}.Release|x86.Build.0 = Release|Any CPU
		{4EE01B69-D538-4A6A-811E-B9736B72F204}.Debug|Any CPU.ActiveCfg = Debug|Any CPU
		{4EE01B69-D538-4A6A-811E-B9736B72F204}.Debug|Any CPU.Build.0 = Debug|Any CPU
		{4EE01B69-D538-4A6A-811E-B9736B72F204}.Debug|x64.ActiveCfg = Debug|Any CPU
		{4EE01B69-D538-4A6A-811E-B9736B72F204}.Debug|x64.Build.0 = Debug|Any CPU
		{4EE01B69-D538-4A6A-811E-B9736B72F204}.Debug|x86.ActiveCfg = Debug|Any CPU
		{4EE01B69-D538-4A6A-811E-B9736B72F204}.Debug|x86.Build.0 = Debug|Any CPU
		{4EE01B69-D538-4A6A-811E-B9736B72F204}.Release|Any CPU.ActiveCfg = Release|Any CPU
		{4EE01B69-D538-4A6A-811E-B9736B72F204}.Release|Any CPU.Build.0 = Release|Any CPU
		{4EE01B69-D538-4A6A-811E-B9736B72F204}.Release|x64.ActiveCfg = Release|Any CPU
		{4EE01B69-D538-4A6A-811E-B9736B72F204}.Release|x64.Build.0 = Release|Any CPU
		{4EE01B69-D538-4A6A-811E-B9736B72F204}.Release|x86.ActiveCfg = Release|Any CPU
		{4EE01B69-D538-4A6A-811E-B9736B72F204}.Release|x86.Build.0 = Release|Any CPU
		{BF637007-2D2F-49BE-9C50-7999FFF77241}.Debug|Any CPU.ActiveCfg = Debug|Any CPU
		{BF637007-2D2F-49BE-9C50-7999FFF77241}.Debug|Any CPU.Build.0 = Debug|Any CPU
		{BF637007-2D2F-49BE-9C50-7999FFF77241}.Debug|x64.ActiveCfg = Debug|Any CPU
		{BF637007-2D2F-49BE-9C50-7999FFF77241}.Debug|x64.Build.0 = Debug|Any CPU
		{BF637007-2D2F-49BE-9C50-7999FFF77241}.Debug|x86.ActiveCfg = Debug|Any CPU
		{BF637007-2D2F-49BE-9C50-7999FFF77241}.Debug|x86.Build.0 = Debug|Any CPU
		{BF637007-2D2F-49BE-9C50-7999FFF77241}.Release|Any CPU.ActiveCfg = Release|Any CPU
		{BF637007-2D2F-49BE-9C50-7999FFF77241}.Release|Any CPU.Build.0 = Release|Any CPU
		{BF637007-2D2F-49BE-9C50-7999FFF77241}.Release|x64.ActiveCfg = Release|Any CPU
		{BF637007-2D2F-49BE-9C50-7999FFF77241}.Release|x64.Build.0 = Release|Any CPU
		{BF637007-2D2F-49BE-9C50-7999FFF77241}.Release|x86.ActiveCfg = Release|Any CPU
		{BF637007-2D2F-49BE-9C50-7999FFF77241}.Release|x86.Build.0 = Release|Any CPU
		{E72662A6-EDFD-4BD3-80C3-AF94FE923AB4}.Debug|Any CPU.ActiveCfg = Debug|Any CPU
		{E72662A6-EDFD-4BD3-80C3-AF94FE923AB4}.Debug|Any CPU.Build.0 = Debug|Any CPU
		{E72662A6-EDFD-4BD3-80C3-AF94FE923AB4}.Debug|x64.ActiveCfg = Debug|Any CPU
		{E72662A6-EDFD-4BD3-80C3-AF94FE923AB4}.Debug|x64.Build.0 = Debug|Any CPU
		{E72662A6-EDFD-4BD3-80C3-AF94FE923AB4}.Debug|x86.ActiveCfg = Debug|Any CPU
		{E72662A6-EDFD-4BD3-80C3-AF94FE923AB4}.Debug|x86.Build.0 = Debug|Any CPU
		{E72662A6-EDFD-4BD3-80C3-AF94FE923AB4}.Release|Any CPU.ActiveCfg = Release|Any CPU
		{E72662A6-EDFD-4BD3-80C3-AF94FE923AB4}.Release|Any CPU.Build.0 = Release|Any CPU
		{E72662A6-EDFD-4BD3-80C3-AF94FE923AB4}.Release|x64.ActiveCfg = Release|Any CPU
		{E72662A6-EDFD-4BD3-80C3-AF94FE923AB4}.Release|x64.Build.0 = Release|Any CPU
		{E72662A6-EDFD-4BD3-80C3-AF94FE923AB4}.Release|x86.ActiveCfg = Release|Any CPU
		{E72662A6-EDFD-4BD3-80C3-AF94FE923AB4}.Release|x86.Build.0 = Release|Any CPU
	EndGlobalSection
	GlobalSection(SolutionProperties) = preSolution
		HideSolutionNode = FALSE
	EndGlobalSection
	GlobalSection(NestedProjects) = preSolution
		{DB0E7977-9D55-4743-9D3B-16F5A707922A} = {B8EFCA5F-814F-285C-A8CB-F00F14650265}
		{96348B93-4C5C-45F3-8115-4EB1686ADE56} = {B8EFCA5F-814F-285C-A8CB-F00F14650265}
		{F52C9E1A-310E-4752-80D4-1E368E866245} = {B8EFCA5F-814F-285C-A8CB-F00F14650265}
		{9085E0F7-3FB7-46A1-AB54-745674315BD6} = {B8EFCA5F-814F-285C-A8CB-F00F14650265}
		{4EE01B69-D538-4A6A-811E-B9736B72F204} = {B8EFCA5F-814F-285C-A8CB-F00F14650265}
		{BF637007-2D2F-49BE-9C50-7999FFF77241} = {B8EFCA5F-814F-285C-A8CB-F00F14650265}
		{E72662A6-EDFD-4BD3-80C3-AF94FE923AB4} = {B8EFCA5F-814F-285C-A8CB-F00F14650265}
	EndGlobalSection
EndGlobal
